{
  "name": "gumdrop",
  "version": "4.0.0",
  "lockfileVersion": 1,
  "requires": true,
  "dependencies": {
    "@types/estree": {
      "version": "0.0.39",
      "resolved": "https://registry.npmjs.org/@types/estree/-/estree-0.0.39.tgz",
      "integrity": "sha512-EYNwp3bU+98cpU4lAWYYL7Zz+2gryWH1qbdDTidVd6hkiR6weksdbMadyXKXNPEkQFhXM+hVO9ZygomHXp+AIw==",
      "dev": true
    },
    "@types/node": {
      "version": "10.12.21",
      "resolved": "https://registry.npmjs.org/@types/node/-/node-10.12.21.tgz",
      "integrity": "sha512-CBgLNk4o3XMnqMc0rhb6lc77IwShMEglz05deDcn2lQxyXEZivfwgYJu7SMha9V5XcrP6qZuevTHV/QrN2vjKQ==",
      "dev": true
    },
    "acorn": {
      "version": "6.0.7",
      "resolved": "https://registry.npmjs.org/acorn/-/acorn-6.0.7.tgz",
      "integrity": "sha512-HNJNgE60C9eOTgn974Tlp3dpLZdUr+SoxxDwPaY9J/kDNOLQTkaDgwBUXAF4SSsrAwD9RpdxuHK/EbuF+W9Ahw==",
      "dev": true
    },
    "buffer-from": {
      "version": "1.1.1",
      "resolved": "https://registry.npmjs.org/buffer-from/-/buffer-from-1.1.1.tgz",
      "integrity": "sha512-MQcXEUbCKtEo7bhqEs6560Hyd4XaovZlO/k9V3hjVUF/zwW7KBVdSK4gIt/bzwS9MbR5qob+F5jusZsb0YQK2A==",
      "dev": true
    },
    "commander": {
      "version": "2.17.1",
      "resolved": "https://registry.npmjs.org/commander/-/commander-2.17.1.tgz",
      "integrity": "sha512-wPMUt6FnH2yzG95SA6mzjQOEKUU3aLaDEmzs1ti+1E9h+CsrZghRlqEM/EJ4KscsQVG8uNN4uVreUeT8+drlgg==",
      "dev": true
    },
    "rollup": {
      "version": "1.1.2",
      "resolved": "https://registry.npmjs.org/rollup/-/rollup-1.1.2.tgz",
      "integrity": "sha512-OkdMxqMl8pWoQc5D8y1cIinYQPPLV8ZkfLgCzL6SytXeNA2P7UHynEQXI9tYxuAjAMsSyvRaWnyJDLHMxq0XAg==",
      "dev": true,
      "requires": {
        "@types/estree": "0.0.39",
        "@types/node": "*",
        "acorn": "^6.0.5"
      }
    },
    "source-map": {
      "version": "0.6.1",
      "resolved": "https://registry.npmjs.org/source-map/-/source-map-0.6.1.tgz",
      "integrity": "sha512-UjgapumWlbMhkBgzT7Ykc5YXUT46F0iKu8SGXq0bcwP5dz/h0Plj6enJqjz1Zbq2l5WaqYnrVbwWOWMyF3F47g==",
      "dev": true
    },
    "source-map-support": {
      "version": "0.5.10",
      "resolved": "https://registry.npmjs.org/source-map-support/-/source-map-support-0.5.10.tgz",
      "integrity": "sha512-YfQ3tQFTK/yzlGJuX8pTwa4tifQj4QS2Mj7UegOu8jAz59MqIiMGPXxQhVQiIMNzayuUSF/jEuVnfFF5JqybmQ==",
      "dev": true,
      "requires": {
        "buffer-from": "^1.0.0",
        "source-map": "^0.6.0"
      }
    },
    "terser": {
      "version": "3.16.1",
      "resolved": "https://registry.npmjs.org/terser/-/terser-3.16.1.tgz",
      "integrity": "sha512-JDJjgleBROeek2iBcSNzOHLKsB/MdDf+E/BOAJ0Tk9r7p9/fVobfv7LMJ/g/k3v9SXdmjZnIlFd5nfn/Rt0Xow==",
      "dev": true,
      "requires": {
        "commander": "~2.17.1",
        "source-map": "~0.6.1",
        "source-map-support": "~0.5.9"
      }
    }
  }
}
